
Microsoft Visual Studio Solution File, Format Version 12.00
# Visual Studio Version 17
VisualStudioVersion = 17.6.33829.357
MinimumVisualStudioVersion = 10.0.40219.1
Project("{FAE04EC0-301F-11D3-BF4B-00C04F79EFBC}") = "CsharpControleFluxo", "CsharpControleFluxo\CsharpControleFluxo.csproj", "{0578D361-85DB-4AB9-99F8-354AFD22FAF9}"
EndProject
Global
	GlobalSection(SolutionConfigurationPlatforms) = preSolution
		Debug|Any CPU = Debug|Any CPU
		Release|Any CPU = Release|Any CPU
	EndGlobalSection
	GlobalSection(ProjectConfigurationPlatforms) = postSolution
		{0578D361-85DB-4AB9-99F8-354AFD22FAF9}.Debug|Any CPU.ActiveCfg = Debug|Any CPU
		{0578D361-85DB-4AB9-99F8-354AFD22FAF9}.Debug|Any CPU.Build.0 = Debug|Any CPU
		{0578D361-85DB-4AB9-99F8-354AFD22FAF9}.Release|Any CPU.ActiveCfg = Release|Any CPU
		{0578D361-85DB-4AB9-99F8-354AFD22FAF9}.Release|Any CPU.Build.0 = Release|Any CPU
	EndGlobalSection
	GlobalSection(SolutionProperties) = preSolution
		HideSolutionNode = FALSE
	EndGlobalSection
	GlobalSection(ExtensibilityGlobals) = postSolution
		SolutionGuid = {0160F03A-B187-4D3B-9AEA-1DAAF7CB8281}
	EndGlobalSection
EndGlobal
